{
    "version": 3,
    "terraform_version": "0.12.31",
    "serial": 1,
    "lineage": "a323e683-9db2-71a8-d99e-e282c78f3e01",
    "modules": [
        {
            "path": [
                "root"
            ],
            "outputs": {
                "google_compute_subnetwork_tfer--default_self_link": {
                    "sensitive": false,
                    "type": "string",
                    "value": "https://www.googleapis.com/compute/v1/projects/poc-project-367814/regions/asia-south1/subnetworks/default"
                },
                "google_compute_subnetwork_tfer--raj-subnet_self_link": {
                    "sensitive": false,
                    "type": "string",
                    "value": "https://www.googleapis.com/compute/v1/projects/poc-project-367814/regions/asia-south1/subnetworks/raj-subnet"
                }
            },
            "resources": {
                "google_compute_subnetwork.tfer--default": {
                    "type": "google_compute_subnetwork",
                    "depends_on": [],
                    "primary": {
                        "id": "default",
                        "attributes": {
                            "creation_timestamp": "2022-11-06T06:58:45.052-08:00",
                            "description": "",
                            "external_ipv6_prefix": "",
                            "gateway_address": "10.160.0.1",
                            "id": "default",
                            "ip_cidr_range": "10.160.0.0/20",
                            "ipv6_access_type": "",
                            "ipv6_cidr_range": "",
                            "log_config.#": "0",
                            "name": "default",
                            "network": "https://www.googleapis.com/compute/v1/projects/poc-project-367814/global/networks/default",
                            "private_ip_google_access": "true",
                            "private_ipv6_google_access": "DISABLE_GOOGLE_ACCESS",
                            "project": "poc-project-367814",
                            "purpose": "PRIVATE",
                            "region": "asia-south1",
                            "role": "",
                            "secondary_ip_range.#": "2",
                            "secondary_ip_range.0.ip_cidr_range": "10.88.0.0/14",
                            "secondary_ip_range.0.range_name": "gke-nginx-cluster-pods-a6ffdb25",
                            "secondary_ip_range.1.ip_cidr_range": "10.92.0.0/20",
                            "secondary_ip_range.1.range_name": "gke-nginx-cluster-services-a6ffdb25",
                            "self_link": "https://www.googleapis.com/compute/v1/projects/poc-project-367814/regions/asia-south1/subnetworks/default",
                            "stack_type": "IPV4_ONLY"
                        },
                        "meta": {
                            "schema_version": 0
                        },
                        "tainted": false
                    },
                    "deposed": [],
                    "provider": "provider.google"
                },
                "google_compute_subnetwork.tfer--raj-subnet": {
                    "type": "google_compute_subnetwork",
                    "depends_on": [],
                    "primary": {
                        "id": "raj-subnet",
                        "attributes": {
                            "creation_timestamp": "2022-11-06T09:21:44.241-08:00",
                            "description": "raj-subnet",
                            "external_ipv6_prefix": "",
                            "gateway_address": "10.0.2.1",
                            "id": "raj-subnet",
                            "ip_cidr_range": "10.0.2.0/24",
                            "ipv6_access_type": "",
                            "ipv6_cidr_range": "",
                            "log_config.#": "0",
                            "name": "raj-subnet",
                            "network": "https://www.googleapis.com/compute/v1/projects/poc-project-367814/global/networks/raj-nw",
                            "private_ip_google_access": "false",
                            "private_ipv6_google_access": "DISABLE_GOOGLE_ACCESS",
                            "project": "poc-project-367814",
                            "purpose": "PRIVATE",
                            "region": "asia-south1",
                            "role": "",
                            "secondary_ip_range.#": "0",
                            "self_link": "https://www.googleapis.com/compute/v1/projects/poc-project-367814/regions/asia-south1/subnetworks/raj-subnet",
                            "stack_type": "IPV4_ONLY"
                        },
                        "meta": {
                            "schema_version": 0
                        },
                        "tainted": false
                    },
                    "deposed": [],
                    "provider": "provider.google"
                }
            },
            "depends_on": []
        }
    ]
}
