{
    "version": 3,
    "terraform_version": "0.12.31",
    "serial": 1,
    "lineage": "06e970b5-f66d-a94f-442d-19e4e53f25ab",
    "modules": [
        {
            "path": [
                "root"
            ],
            "outputs": {
                "google_container_cluster_tfer--nginx-cluster_self_link": {
                    "sensitive": false,
                    "type": "string",
                    "value": "https://container.googleapis.com/v1/projects/poc-project-367814/zones/asia-south1-a/clusters/nginx-cluster"
                },
                "google_container_node_pool_tfer--nginx-cluster_default-pool_id": {
                    "sensitive": false,
                    "type": "string",
                    "value": "asia-south1-a/nginx-cluster/default-pool"
                }
            },
            "resources": {
                "google_container_cluster.tfer--nginx-cluster": {
                    "type": "google_container_cluster",
                    "depends_on": [],
                    "primary": {
                        "id": "nginx-cluster",
                        "attributes": {
                            "addons_config.#": "1",
                            "addons_config.0.cloudrun_config.#": "0",
                            "addons_config.0.dns_cache_config.#": "0",
                            "addons_config.0.gce_persistent_disk_csi_driver_config.#": "1",
                            "addons_config.0.gce_persistent_disk_csi_driver_config.0.enabled": "true",
                            "addons_config.0.gcp_filestore_csi_driver_config.#": "0",
                            "addons_config.0.horizontal_pod_autoscaling.#": "0",
                            "addons_config.0.http_load_balancing.#": "0",
                            "addons_config.0.network_policy_config.#": "1",
                            "addons_config.0.network_policy_config.0.disabled": "true",
                            "authenticator_groups_config.#": "0",
                            "binary_authorization.#": "0",
                            "cluster_autoscaling.#": "1",
                            "cluster_autoscaling.0.auto_provisioning_defaults.#": "0",
                            "cluster_autoscaling.0.enabled": "false",
                            "cluster_autoscaling.0.resource_limits.#": "0",
                            "cluster_ipv4_cidr": "10.88.0.0/14",
                            "confidential_nodes.#": "0",
                            "cost_management_config.#": "0",
                            "database_encryption.#": "1",
                            "database_encryption.0.key_name": "",
                            "database_encryption.0.state": "DECRYPTED",
                            "datapath_provider": "",
                            "default_max_pods_per_node": "110",
                            "default_snat_status.#": "0",
                            "description": "",
                            "dns_config.#": "0",
                            "enable_binary_authorization": "false",
                            "enable_intranode_visibility": "false",
                            "enable_kubernetes_alpha": "false",
                            "enable_legacy_abac": "false",
                            "enable_shielded_nodes": "true",
                            "enable_tpu": "false",
                            "endpoint": "35.244.14.6",
                            "id": "nginx-cluster",
                            "initial_node_count": "0",
                            "ip_allocation_policy.#": "1",
                            "ip_allocation_policy.0.cluster_ipv4_cidr_block": "10.88.0.0/14",
                            "ip_allocation_policy.0.cluster_secondary_range_name": "gke-nginx-cluster-pods-a6ffdb25",
                            "ip_allocation_policy.0.services_ipv4_cidr_block": "10.92.0.0/20",
                            "ip_allocation_policy.0.services_secondary_range_name": "gke-nginx-cluster-services-a6ffdb25",
                            "label_fingerprint": "a9dc16a7",
                            "location": "asia-south1-a",
                            "logging_config.#": "1",
                            "logging_config.0.enable_components.#": "2",
                            "logging_config.0.enable_components.0": "SYSTEM_COMPONENTS",
                            "logging_config.0.enable_components.1": "WORKLOADS",
                            "logging_service": "logging.googleapis.com/kubernetes",
                            "maintenance_policy.#": "0",
                            "master_auth.#": "1",
                            "master_auth.0.client_certificate": "",
                            "master_auth.0.client_certificate_config.#": "1",
                            "master_auth.0.client_certificate_config.0.issue_client_certificate": "false",
                            "master_auth.0.client_key": "",
                            "master_auth.0.cluster_ca_certificate": "LS0tLS1CRUdJTiBDRVJUSUZJQ0FURS0tLS0tCk1JSUVMVENDQXBXZ0F3SUJBZ0lSQUluZC9FczVqditjdFNvWHhzZHE4ZTB3RFFZSktvWklodmNOQVFFTEJRQXcKTHpFdE1Dc0dBMVVFQXhNa01ETm1aakpsWmpFdE5URTVZUzAwTUdFeUxXRmpaRFF0WXpRM09XWTNPREl6WkdFeQpNQ0FYRFRJeU1URXdOakUxTlRNeU9Gb1lEekl3TlRJeE1ESTVNVFkxTXpJNFdqQXZNUzB3S3dZRFZRUURFeVF3Ck0yWm1NbVZtTVMwMU1UbGhMVFF3WVRJdFlXTmtOQzFqTkRjNVpqYzRNak5rWVRJd2dnR2lNQTBHQ1NxR1NJYjMKRFFFQkFRVUFBNElCandBd2dnR0tBb0lCZ1FDNklBYjkxZXN1cTlGdk1yVWx4a1V5ampybkJqdWEzZ3htd1RXcgpRbklUaUxYdUNCTXdsSzRKZm5zRk5CZ3hYd3hJek5WTEx4UkgxK1dkU1RHd0F4cXpCMHBxTFBwSXZpdnAzdEpMCmNORFc2Qmk0eDJSVEp1dXRWd2JFR2FOZ3ZGdHExQVJJbEtPT0tSWEZFbFV5NW00Y1dPRFVYVjEreHBmOXMycCsKVHg2VWd5ZzR4cHY3K0I4eko0enhKakNGbHNWOUpMalBoNytKUGlNZUpqZVh6UCtCSXFXZGZLWFhyUWwrc042Zwoyc3FIM1poM1hoOG1tU0w0bnJYTjRwQ1pHWVQ2VjRQV2ZkbmIrTlUwdGJNTDAwcHduNDdBWXZ5QURKb0ZaMVAwCkdWYzBvQkovNTlIb1J3YVJKVlR4dkgvcHEwYU1manpiNUtYQnFBUUpRTlhFOTFETWROcDJ5MGRHUjRzMmZVbmQKMm1vbWRzZ0FISnluRlVjWUxEc05zdmRjT1ZzZDMzc00vdzZtWExENVdMUjdTeDNOdTJOY1NNSnNrckpnTjRuSworbjZYcjJ6ajRNeVVNMFowUkdVTnJxcjh4d1J3dStnTzVNUkRWWjU1RXAvdTgyTEJGOXkrcDVuRlpubXI3Q0hjCkk0aU91dU1rN3VSOUJTRlphYWIzdk0zOHV3MENBd0VBQWFOQ01FQXdEZ1lEVlIwUEFRSC9CQVFEQWdJRU1BOEcKQTFVZEV3RUIvd1FGTUFNQkFmOHdIUVlEVlIwT0JCWUVGTitvenhuTCtxMEZ1aWFXNW9PMWY0dkp1ak5XTUEwRwpDU3FHU0liM0RRRUJDd1VBQTRJQmdRQ1JxRWJrNWN4TU45THZ0alQ2NktoaEdFQVgvcVIrbHZxdmNEQXA5czlmCnlVeUdqVXowUTdoT1BYbWVBdGtjMzU2c1pQVHE4dFBiMlAwT3A5Sk5QbU1MclBSZ2xZRlhibC9RalEzSFdiRWQKMWpSbmZTWHVpaHZaTThNQTZLcWk5L1FLNHBEb3ZIditHQmRZNVYvR3AzVHlqMHFGZXFqYWdJakUyeklOb3VObAplcEEwUTVBUVI5dEh4alp5d1RzR3Y1WCs1YVFCYnBjelBUcUZ0dUE3SXpldkpiQm9NZ3dBMXN4N1I5TlBRamdVClNCcmQzNDJpQkNqTHloTVBTb3A1OXI2b1JuUDUvQVpyampEcW9jaEhEUDc1V0p5eWsycHpUMUUwTTBWMm5wNS8Kb2g3NVZXSUo3OHJvSjljeDJ2QnNMQzVEWVFLUThRWWc3Y3BHMGQ3aGNGdUZDVEVxckZZTFRzeUt2bGR4RTJVdApSdDhLdE5UMjBFc3NXenRLeDhPTC93NkxwZWMvQ0hlRk1FSmRZQWNISVc2OGlnTVVuRTJsVGdwNlg2eW51S3MxCnZQUGIzQ29QV1dPSzQxajZPMmVHaVBCN2VQWlRWcFlyK2VjQlF1MjhIaGM3WGNVa3ZOV0ovbHo0TVJ0T1BqbmUKekZNbTNyeTVya0M1Qm0wZVY2UE9ERm89Ci0tLS0tRU5EIENFUlRJRklDQVRFLS0tLS0K",
                            "master_authorized_networks_config.#": "0",
                            "master_version": "1.23.8-gke.1900",
                            "mesh_certificates.#": "0",
                            "monitoring_config.#": "1",
                            "monitoring_config.0.enable_components.#": "1",
                            "monitoring_config.0.enable_components.0": "SYSTEM_COMPONENTS",
                            "monitoring_service": "monitoring.googleapis.com/kubernetes",
                            "name": "nginx-cluster",
                            "network": "projects/poc-project-367814/global/networks/default",
                            "network_policy.#": "1",
                            "network_policy.0.enabled": "false",
                            "network_policy.0.provider": "PROVIDER_UNSPECIFIED",
                            "networking_mode": "VPC_NATIVE",
                            "node_config.#": "1",
                            "node_config.0.boot_disk_kms_key": "",
                            "node_config.0.disk_size_gb": "100",
                            "node_config.0.disk_type": "pd-standard",
                            "node_config.0.gcfs_config.#": "0",
                            "node_config.0.guest_accelerator.#": "0",
                            "node_config.0.gvnic.#": "0",
                            "node_config.0.image_type": "COS_CONTAINERD",
                            "node_config.0.labels.%": "0",
                            "node_config.0.local_ssd_count": "0",
                            "node_config.0.machine_type": "e2-medium",
                            "node_config.0.metadata.%": "1",
                            "node_config.0.metadata.disable-legacy-endpoints": "true",
                            "node_config.0.min_cpu_platform": "",
                            "node_config.0.node_group": "",
                            "node_config.0.oauth_scopes.#": "6",
                            "node_config.0.oauth_scopes.0": "https://www.googleapis.com/auth/devstorage.read_only",
                            "node_config.0.oauth_scopes.1": "https://www.googleapis.com/auth/logging.write",
                            "node_config.0.oauth_scopes.2": "https://www.googleapis.com/auth/monitoring",
                            "node_config.0.oauth_scopes.3": "https://www.googleapis.com/auth/service.management.readonly",
                            "node_config.0.oauth_scopes.4": "https://www.googleapis.com/auth/servicecontrol",
                            "node_config.0.oauth_scopes.5": "https://www.googleapis.com/auth/trace.append",
                            "node_config.0.preemptible": "false",
                            "node_config.0.reservation_affinity.#": "0",
                            "node_config.0.service_account": "default",
                            "node_config.0.shielded_instance_config.#": "1",
                            "node_config.0.shielded_instance_config.0.enable_integrity_monitoring": "true",
                            "node_config.0.shielded_instance_config.0.enable_secure_boot": "false",
                            "node_config.0.spot": "false",
                            "node_config.0.tags.#": "0",
                            "node_config.0.taint.#": "0",
                            "node_config.0.workload_metadata_config.#": "0",
                            "node_locations.#": "0",
                            "node_pool.#": "1",
                            "node_pool.0.autoscaling.#": "0",
                            "node_pool.0.initial_node_count": "3",
                            "node_pool.0.instance_group_urls.#": "1",
                            "node_pool.0.instance_group_urls.0": "https://www.googleapis.com/compute/v1/projects/poc-project-367814/zones/asia-south1-a/instanceGroupManagers/gke-nginx-cluster-default-pool-5d4b6a64-grp",
                            "node_pool.0.managed_instance_group_urls.#": "1",
                            "node_pool.0.managed_instance_group_urls.0": "https://www.googleapis.com/compute/v1/projects/poc-project-367814/zones/asia-south1-a/instanceGroups/gke-nginx-cluster-default-pool-5d4b6a64-grp",
                            "node_pool.0.management.#": "1",
                            "node_pool.0.management.0.auto_repair": "true",
                            "node_pool.0.management.0.auto_upgrade": "true",
                            "node_pool.0.max_pods_per_node": "110",
                            "node_pool.0.name": "default-pool",
                            "node_pool.0.name_prefix": "",
                            "node_pool.0.node_config.#": "1",
                            "node_pool.0.node_config.0.boot_disk_kms_key": "",
                            "node_pool.0.node_config.0.disk_size_gb": "100",
                            "node_pool.0.node_config.0.disk_type": "pd-standard",
                            "node_pool.0.node_config.0.gcfs_config.#": "0",
                            "node_pool.0.node_config.0.guest_accelerator.#": "0",
                            "node_pool.0.node_config.0.gvnic.#": "0",
                            "node_pool.0.node_config.0.image_type": "COS_CONTAINERD",
                            "node_pool.0.node_config.0.labels.%": "0",
                            "node_pool.0.node_config.0.local_ssd_count": "0",
                            "node_pool.0.node_config.0.machine_type": "e2-medium",
                            "node_pool.0.node_config.0.metadata.%": "1",
                            "node_pool.0.node_config.0.metadata.disable-legacy-endpoints": "true",
                            "node_pool.0.node_config.0.min_cpu_platform": "",
                            "node_pool.0.node_config.0.node_group": "",
                            "node_pool.0.node_config.0.oauth_scopes.#": "6",
                            "node_pool.0.node_config.0.oauth_scopes.0": "https://www.googleapis.com/auth/devstorage.read_only",
                            "node_pool.0.node_config.0.oauth_scopes.1": "https://www.googleapis.com/auth/logging.write",
                            "node_pool.0.node_config.0.oauth_scopes.2": "https://www.googleapis.com/auth/monitoring",
                            "node_pool.0.node_config.0.oauth_scopes.3": "https://www.googleapis.com/auth/service.management.readonly",
                            "node_pool.0.node_config.0.oauth_scopes.4": "https://www.googleapis.com/auth/servicecontrol",
                            "node_pool.0.node_config.0.oauth_scopes.5": "https://www.googleapis.com/auth/trace.append",
                            "node_pool.0.node_config.0.preemptible": "false",
                            "node_pool.0.node_config.0.reservation_affinity.#": "0",
                            "node_pool.0.node_config.0.service_account": "default",
                            "node_pool.0.node_config.0.shielded_instance_config.#": "1",
                            "node_pool.0.node_config.0.shielded_instance_config.0.enable_integrity_monitoring": "true",
                            "node_pool.0.node_config.0.shielded_instance_config.0.enable_secure_boot": "false",
                            "node_pool.0.node_config.0.spot": "false",
                            "node_pool.0.node_config.0.tags.#": "0",
                            "node_pool.0.node_config.0.taint.#": "0",
                            "node_pool.0.node_config.0.workload_metadata_config.#": "0",
                            "node_pool.0.node_count": "3",
                            "node_pool.0.node_locations.#": "1",
                            "node_pool.0.node_locations.0": "asia-south1-a",
                            "node_pool.0.upgrade_settings.#": "1",
                            "node_pool.0.upgrade_settings.0.max_surge": "1",
                            "node_pool.0.upgrade_settings.0.max_unavailable": "0",
                            "node_pool.0.version": "1.23.8-gke.1900",
                            "node_version": "1.23.8-gke.1900",
                            "notification_config.#": "1",
                            "notification_config.0.pubsub.#": "1",
                            "notification_config.0.pubsub.0.enabled": "false",
                            "notification_config.0.pubsub.0.filter.#": "0",
                            "notification_config.0.pubsub.0.topic": "",
                            "private_cluster_config.#": "0",
                            "private_ipv6_google_access": "",
                            "project": "poc-project-367814",
                            "release_channel.#": "1",
                            "release_channel.0.channel": "REGULAR",
                            "resource_labels.%": "0",
                            "resource_usage_export_config.#": "0",
                            "self_link": "https://container.googleapis.com/v1/projects/poc-project-367814/zones/asia-south1-a/clusters/nginx-cluster",
                            "service_external_ips_config.#": "1",
                            "service_external_ips_config.0.enabled": "false",
                            "services_ipv4_cidr": "10.92.0.0/20",
                            "subnetwork": "projects/poc-project-367814/regions/asia-south1/subnetworks/default",
                            "tpu_ipv4_cidr_block": "",
                            "vertical_pod_autoscaling.#": "0",
                            "workload_identity_config.#": "0"
                        },
                        "meta": {
                            "schema_version": 1
                        },
                        "tainted": false
                    },
                    "deposed": [],
                    "provider": "provider.google"
                },
                "google_container_node_pool.tfer--nginx-cluster_default-pool": {
                    "type": "google_container_node_pool",
                    "depends_on": [],
                    "primary": {
                        "id": "asia-south1-a/nginx-cluster/default-pool",
                        "attributes": {
                            "cluster": "nginx-cluster",
                            "id": "asia-south1-a/nginx-cluster/default-pool",
                            "initial_node_count": "3",
                            "instance_group_urls.#": "1",
                            "instance_group_urls.0": "https://www.googleapis.com/compute/v1/projects/poc-project-367814/zones/asia-south1-a/instanceGroupManagers/gke-nginx-cluster-default-pool-5d4b6a64-grp",
                            "location": "asia-south1-a",
                            "managed_instance_group_urls.#": "1",
                            "managed_instance_group_urls.0": "https://www.googleapis.com/compute/v1/projects/poc-project-367814/zones/asia-south1-a/instanceGroups/gke-nginx-cluster-default-pool-5d4b6a64-grp",
                            "management.#": "1",
                            "management.0.auto_repair": "true",
                            "management.0.auto_upgrade": "true",
                            "max_pods_per_node": "110",
                            "name": "default-pool",
                            "name_prefix": "",
                            "node_config.#": "1",
                            "node_config.0.boot_disk_kms_key": "",
                            "node_config.0.disk_size_gb": "100",
                            "node_config.0.disk_type": "pd-standard",
                            "node_config.0.gcfs_config.#": "0",
                            "node_config.0.guest_accelerator.#": "0",
                            "node_config.0.gvnic.#": "0",
                            "node_config.0.image_type": "COS_CONTAINERD",
                            "node_config.0.labels.%": "0",
                            "node_config.0.local_ssd_count": "0",
                            "node_config.0.machine_type": "e2-medium",
                            "node_config.0.metadata.%": "1",
                            "node_config.0.metadata.disable-legacy-endpoints": "true",
                            "node_config.0.min_cpu_platform": "",
                            "node_config.0.node_group": "",
                            "node_config.0.oauth_scopes.#": "6",
                            "node_config.0.oauth_scopes.0": "https://www.googleapis.com/auth/devstorage.read_only",
                            "node_config.0.oauth_scopes.1": "https://www.googleapis.com/auth/logging.write",
                            "node_config.0.oauth_scopes.2": "https://www.googleapis.com/auth/monitoring",
                            "node_config.0.oauth_scopes.3": "https://www.googleapis.com/auth/service.management.readonly",
                            "node_config.0.oauth_scopes.4": "https://www.googleapis.com/auth/servicecontrol",
                            "node_config.0.oauth_scopes.5": "https://www.googleapis.com/auth/trace.append",
                            "node_config.0.preemptible": "false",
                            "node_config.0.reservation_affinity.#": "0",
                            "node_config.0.service_account": "default",
                            "node_config.0.shielded_instance_config.#": "1",
                            "node_config.0.shielded_instance_config.0.enable_integrity_monitoring": "true",
                            "node_config.0.shielded_instance_config.0.enable_secure_boot": "false",
                            "node_config.0.spot": "false",
                            "node_config.0.tags.#": "0",
                            "node_config.0.taint.#": "0",
                            "node_config.0.workload_metadata_config.#": "0",
                            "node_count": "3",
                            "node_locations.#": "1",
                            "node_locations.0": "asia-south1-a",
                            "project": "poc-project-367814",
                            "upgrade_settings.#": "1",
                            "upgrade_settings.0.max_surge": "1",
                            "upgrade_settings.0.max_unavailable": "0",
                            "version": "1.23.8-gke.1900"
                        },
                        "meta": {
                            "schema_version": 1
                        },
                        "tainted": false
                    },
                    "deposed": [],
                    "provider": "provider.google"
                }
            },
            "depends_on": []
        }
    ]
}
