{
    "version": 3,
    "terraform_version": "0.12.31",
    "serial": 1,
    "lineage": "553871eb-ff34-878f-ed42-a5eb320fd07c",
    "modules": [
        {
            "path": [
                "root"
            ],
            "outputs": {
                "google_compute_firewall_fw-allow-icmp_self_link": {
                    "sensitive": false,
                    "type": "string",
                    "value": "https://www.googleapis.com/compute/v1/projects/poc-project-367814/global/firewalls/fw-allow-icmp"
                },
                "google_compute_firewall_fw-allow-internal_self_link": {
                    "sensitive": false,
                    "type": "string",
                    "value": "https://www.googleapis.com/compute/v1/projects/poc-project-367814/global/firewalls/fw-allow-internal"
                },
                "google_compute_firewall_fw-allow-rdp_self_link": {
                    "sensitive": false,
                    "type": "string",
                    "value": "https://www.googleapis.com/compute/v1/projects/poc-project-367814/global/firewalls/fw-allow-rdp"
                },
                "google_compute_firewall_fw-allow-ssh_self_link": {
                    "sensitive": false,
                    "type": "string",
                    "value": "https://www.googleapis.com/compute/v1/projects/poc-project-367814/global/firewalls/fw-allow-ssh"
                },
                "google_compute_firewall_gke-nginx-cluster-a6ffdb25-all_self_link": {
                    "sensitive": false,
                    "type": "string",
                    "value": "https://www.googleapis.com/compute/v1/projects/poc-project-367814/global/firewalls/gke-nginx-cluster-a6ffdb25-all"
                },
                "google_compute_firewall_gke-nginx-cluster-a6ffdb25-exkubelet_self_link": {
                    "sensitive": false,
                    "type": "string",
                    "value": "https://www.googleapis.com/compute/v1/projects/poc-project-367814/global/firewalls/gke-nginx-cluster-a6ffdb25-exkubelet"
                },
                "google_compute_firewall_gke-nginx-cluster-a6ffdb25-inkubelet_self_link": {
                    "sensitive": false,
                    "type": "string",
                    "value": "https://www.googleapis.com/compute/v1/projects/poc-project-367814/global/firewalls/gke-nginx-cluster-a6ffdb25-inkubelet"
                },
                "google_compute_firewall_gke-nginx-cluster-a6ffdb25-vms_self_link": {
                    "sensitive": false,
                    "type": "string",
                    "value": "https://www.googleapis.com/compute/v1/projects/poc-project-367814/global/firewalls/gke-nginx-cluster-a6ffdb25-vms"
                },
                "google_compute_firewall_k8s-939c541cc59b92e6-node-http-hc_self_link": {
                    "sensitive": false,
                    "type": "string",
                    "value": "https://www.googleapis.com/compute/v1/projects/poc-project-367814/global/firewalls/k8s-939c541cc59b92e6-node-http-hc"
                },
                "google_compute_firewall_k8s-fw-ac0e08bc95fc54028bbe5dbc0e58c7c5_self_link": {
                    "sensitive": false,
                    "type": "string",
                    "value": "https://www.googleapis.com/compute/v1/projects/poc-project-367814/global/firewalls/k8s-fw-ac0e08bc95fc54028bbe5dbc0e58c7c5"
                },
                "google_compute_firewall_raj-fw_self_link": {
                    "sensitive": false,
                    "type": "string",
                    "value": "https://www.googleapis.com/compute/v1/projects/poc-project-367814/global/firewalls/raj-fw"
                }
            },
            "resources": {
                "google_compute_firewall.fw-allow-icmp": {
                    "type": "google_compute_firewall",
                    "depends_on": [],
                    "primary": {
                        "id": "fw-allow-icmp",
                        "attributes": {
                            "allow.#": "1",
                            "allow.0.ports.#": "0",
                            "allow.0.protocol": "icmp",
                            "creation_timestamp": "2022-11-06T06:59:07.007-08:00",
                            "deny.#": "0",
                            "description": "Allow ICMP from anywhere",
                            "destination_ranges.#": "0",
                            "direction": "INGRESS",
                            "disabled": "false",
                            "id": "fw-allow-icmp",
                            "log_config.#": "0",
                            "name": "fw-allow-icmp",
                            "network": "https://www.googleapis.com/compute/v1/projects/poc-project-367814/global/networks/ng-network",
                            "priority": "65534",
                            "project": "poc-project-367814",
                            "self_link": "https://www.googleapis.com/compute/v1/projects/poc-project-367814/global/firewalls/fw-allow-icmp",
                            "source_ranges.#": "1",
                            "source_ranges.0": "0.0.0.0/0",
                            "source_service_accounts.#": "0",
                            "source_tags.#": "0",
                            "target_service_accounts.#": "0",
                            "target_tags.#": "0"
                        },
                        "meta": {
                            "schema_version": 1
                        },
                        "tainted": false
                    },
                    "deposed": [],
                    "provider": "provider.google"
                },
                "google_compute_firewall.fw-allow-internal": {
                    "type": "google_compute_firewall",
                    "depends_on": [],
                    "primary": {
                        "id": "fw-allow-internal",
                        "attributes": {
                            "allow.#": "3",
                            "allow.0.ports.#": "1",
                            "allow.0.ports.0": "0-65535",
                            "allow.0.protocol": "tcp",
                            "allow.1.ports.#": "1",
                            "allow.1.ports.0": "0-65535",
                            "allow.1.protocol": "udp",
                            "allow.2.ports.#": "0",
                            "allow.2.protocol": "icmp",
                            "creation_timestamp": "2022-11-06T06:59:06.824-08:00",
                            "deny.#": "0",
                            "description": "Allow internal traffic on the default network",
                            "destination_ranges.#": "0",
                            "direction": "INGRESS",
                            "disabled": "false",
                            "id": "fw-allow-internal",
                            "log_config.#": "0",
                            "name": "fw-allow-internal",
                            "network": "https://www.googleapis.com/compute/v1/projects/poc-project-367814/global/networks/ng-network",
                            "priority": "65534",
                            "project": "poc-project-367814",
                            "self_link": "https://www.googleapis.com/compute/v1/projects/poc-project-367814/global/firewalls/fw-allow-internal",
                            "source_ranges.#": "1",
                            "source_ranges.0": "10.128.0.0/9",
                            "source_service_accounts.#": "0",
                            "source_tags.#": "0",
                            "target_service_accounts.#": "0",
                            "target_tags.#": "0"
                        },
                        "meta": {
                            "schema_version": 1
                        },
                        "tainted": false
                    },
                    "deposed": [],
                    "provider": "provider.google"
                },
                "google_compute_firewall.fw-allow-rdp": {
                    "type": "google_compute_firewall",
                    "depends_on": [],
                    "primary": {
                        "id": "fw-allow-rdp",
                        "attributes": {
                            "allow.#": "1",
                            "allow.0.ports.#": "1",
                            "allow.0.ports.0": "3389",
                            "allow.0.protocol": "tcp",
                            "creation_timestamp": "2022-11-06T06:59:06.946-08:00",
                            "deny.#": "0",
                            "description": "Allow RDP from anywhere",
                            "destination_ranges.#": "0",
                            "direction": "INGRESS",
                            "disabled": "false",
                            "id": "fw-allow-rdp",
                            "log_config.#": "0",
                            "name": "fw-allow-rdp",
                            "network": "https://www.googleapis.com/compute/v1/projects/poc-project-367814/global/networks/ng-network",
                            "priority": "65534",
                            "project": "poc-project-367814",
                            "self_link": "https://www.googleapis.com/compute/v1/projects/poc-project-367814/global/firewalls/fw-allow-rdp",
                            "source_ranges.#": "1",
                            "source_ranges.0": "0.0.0.0/0",
                            "source_service_accounts.#": "0",
                            "source_tags.#": "0",
                            "target_service_accounts.#": "0",
                            "target_tags.#": "0"
                        },
                        "meta": {
                            "schema_version": 1
                        },
                        "tainted": false
                    },
                    "deposed": [],
                    "provider": "provider.google"
                },
                "google_compute_firewall.fw-allow-ssh": {
                    "type": "google_compute_firewall",
                    "depends_on": [],
                    "primary": {
                        "id": "fw-allow-ssh",
                        "attributes": {
                            "allow.#": "1",
                            "allow.0.ports.#": "1",
                            "allow.0.ports.0": "22",
                            "allow.0.protocol": "tcp",
                            "creation_timestamp": "2022-11-06T06:59:06.885-08:00",
                            "deny.#": "0",
                            "description": "Allow SSH from anywhere",
                            "destination_ranges.#": "0",
                            "direction": "INGRESS",
                            "disabled": "false",
                            "id": "fw-allow-ssh",
                            "log_config.#": "0",
                            "name": "fw-allow-ssh",
                            "network": "https://www.googleapis.com/compute/v1/projects/poc-project-367814/global/networks/ng-network",
                            "priority": "65534",
                            "project": "poc-project-367814",
                            "self_link": "https://www.googleapis.com/compute/v1/projects/poc-project-367814/global/firewalls/fw-allow-ssh",
                            "source_ranges.#": "1",
                            "source_ranges.0": "0.0.0.0/0",
                            "source_service_accounts.#": "0",
                            "source_tags.#": "0",
                            "target_service_accounts.#": "0",
                            "target_tags.#": "0"
                        },
                        "meta": {
                            "schema_version": 1
                        },
                        "tainted": false
                    },
                    "deposed": [],
                    "provider": "provider.google"
                },
                "google_compute_firewall.gke-nginx-cluster-a6ffdb25-all": {
                    "type": "google_compute_firewall",
                    "depends_on": [],
                    "primary": {
                        "id": "gke-nginx-cluster-a6ffdb25-all",
                        "attributes": {
                            "allow.#": "6",
                            "allow.0.ports.#": "0",
                            "allow.0.protocol": "ah",
                            "allow.1.ports.#": "0",
                            "allow.1.protocol": "esp",
                            "allow.2.ports.#": "0",
                            "allow.2.protocol": "icmp",
                            "allow.3.ports.#": "0",
                            "allow.3.protocol": "sctp",
                            "allow.4.ports.#": "0",
                            "allow.4.protocol": "tcp",
                            "allow.5.ports.#": "0",
                            "allow.5.protocol": "udp",
                            "creation_timestamp": "2022-11-06T08:56:27.585-08:00",
                            "deny.#": "0",
                            "description": "",
                            "destination_ranges.#": "0",
                            "direction": "INGRESS",
                            "disabled": "false",
                            "id": "gke-nginx-cluster-a6ffdb25-all",
                            "log_config.#": "0",
                            "name": "gke-nginx-cluster-a6ffdb25-all",
                            "network": "https://www.googleapis.com/compute/v1/projects/poc-project-367814/global/networks/ng-network",
                            "priority": "1000",
                            "project": "poc-project-367814",
                            "self_link": "https://www.googleapis.com/compute/v1/projects/poc-project-367814/global/firewalls/gke-nginx-cluster-a6ffdb25-all",
                            "source_ranges.#": "1",
                            "source_ranges.0": "10.88.0.0/14",
                            "source_service_accounts.#": "0",
                            "source_tags.#": "0",
                            "target_service_accounts.#": "0",
                            "target_tags.#": "1",
                            "target_tags.0": "gke-nginx-cluster-a6ffdb25-node"
                        },
                        "meta": {
                            "schema_version": 1
                        },
                        "tainted": false
                    },
                    "deposed": [],
                    "provider": "provider.google"
                },
                "google_compute_firewall.gke-nginx-cluster-a6ffdb25-exkubelet": {
                    "type": "google_compute_firewall",
                    "depends_on": [],
                    "primary": {
                        "id": "gke-nginx-cluster-a6ffdb25-exkubelet",
                        "attributes": {
                            "allow.#": "0",
                            "creation_timestamp": "2022-11-06T08:56:27.600-08:00",
                            "deny.#": "1",
                            "deny.0.ports.#": "1",
                            "deny.0.ports.0": "10255",
                            "deny.0.protocol": "tcp",
                            "description": "",
                            "destination_ranges.#": "0",
                            "direction": "INGRESS",
                            "disabled": "false",
                            "id": "gke-nginx-cluster-a6ffdb25-exkubelet",
                            "log_config.#": "0",
                            "name": "gke-nginx-cluster-a6ffdb25-exkubelet",
                            "network": "https://www.googleapis.com/compute/v1/projects/poc-project-367814/global/networks/ng-network",
                            "priority": "1000",
                            "project": "poc-project-367814",
                            "self_link": "https://www.googleapis.com/compute/v1/projects/poc-project-367814/global/firewalls/gke-nginx-cluster-a6ffdb25-exkubelet",
                            "source_ranges.#": "1",
                            "source_ranges.0": "0.0.0.0/0",
                            "source_service_accounts.#": "0",
                            "source_tags.#": "0",
                            "target_service_accounts.#": "0",
                            "target_tags.#": "1",
                            "target_tags.0": "gke-nginx-cluster-a6ffdb25-node"
                        },
                        "meta": {
                            "schema_version": 1
                        },
                        "tainted": false
                    },
                    "deposed": [],
                    "provider": "provider.google"
                },
                "google_compute_firewall.gke-nginx-cluster-a6ffdb25-inkubelet": {
                    "type": "google_compute_firewall",
                    "depends_on": [],
                    "primary": {
                        "id": "gke-nginx-cluster-a6ffdb25-inkubelet",
                        "attributes": {
                            "allow.#": "1",
                            "allow.0.ports.#": "1",
                            "allow.0.ports.0": "10255",
                            "allow.0.protocol": "tcp",
                            "creation_timestamp": "2022-11-06T08:56:27.576-08:00",
                            "deny.#": "0",
                            "description": "",
                            "destination_ranges.#": "0",
                            "direction": "INGRESS",
                            "disabled": "false",
                            "id": "gke-nginx-cluster-a6ffdb25-inkubelet",
                            "log_config.#": "0",
                            "name": "gke-nginx-cluster-a6ffdb25-inkubelet",
                            "network": "https://www.googleapis.com/compute/v1/projects/poc-project-367814/global/networks/ng-network",
                            "priority": "999",
                            "project": "poc-project-367814",
                            "self_link": "https://www.googleapis.com/compute/v1/projects/poc-project-367814/global/firewalls/gke-nginx-cluster-a6ffdb25-inkubelet",
                            "source_ranges.#": "1",
                            "source_ranges.0": "10.88.0.0/14",
                            "source_service_accounts.#": "0",
                            "source_tags.#": "1",
                            "source_tags.0": "gke-nginx-cluster-a6ffdb25-node",
                            "target_service_accounts.#": "0",
                            "target_tags.#": "1",
                            "target_tags.0": "gke-nginx-cluster-a6ffdb25-node"
                        },
                        "meta": {
                            "schema_version": 1
                        },
                        "tainted": false
                    },
                    "deposed": [],
                    "provider": "provider.google"
                },
                "google_compute_firewall.gke-nginx-cluster-a6ffdb25-vms": {
                    "type": "google_compute_firewall",
                    "depends_on": [],
                    "primary": {
                        "id": "gke-nginx-cluster-a6ffdb25-vms",
                        "attributes": {
                            "allow.#": "3",
                            "allow.0.ports.#": "1",
                            "allow.0.ports.0": "1-65535",
                            "allow.0.protocol": "tcp",
                            "allow.1.ports.#": "1",
                            "allow.1.ports.0": "1-65535",
                            "allow.1.protocol": "udp",
                            "allow.2.ports.#": "0",
                            "allow.2.protocol": "icmp",
                            "creation_timestamp": "2022-11-06T08:56:28.001-08:00",
                            "deny.#": "0",
                            "description": "",
                            "destination_ranges.#": "0",
                            "direction": "INGRESS",
                            "disabled": "false",
                            "id": "gke-nginx-cluster-a6ffdb25-vms",
                            "log_config.#": "0",
                            "name": "gke-nginx-cluster-a6ffdb25-vms",
                            "network": "https://www.googleapis.com/compute/v1/projects/poc-project-367814/global/networks/ng-network",
                            "priority": "1000",
                            "project": "poc-project-367814",
                            "self_link": "https://www.googleapis.com/compute/v1/projects/poc-project-367814/global/firewalls/gke-nginx-cluster-a6ffdb25-vms",
                            "source_ranges.#": "1",
                            "source_ranges.0": "10.128.0.0/9",
                            "source_service_accounts.#": "0",
                            "source_tags.#": "0",
                            "target_service_accounts.#": "0",
                            "target_tags.#": "1",
                            "target_tags.0": "gke-nginx-cluster-a6ffdb25-node"
                        },
                        "meta": {
                            "schema_version": 1
                        },
                        "tainted": false
                    },
                    "deposed": [],
                    "provider": "provider.google"
                },
                "google_compute_firewall.k8s-939c541cc59b92e6-node-http-hc": {
                    "type": "google_compute_firewall",
                    "depends_on": [],
                    "primary": {
                        "id": "k8s-939c541cc59b92e6-node-http-hc",
                        "attributes": {
                            "allow.#": "1",
                            "allow.0.ports.#": "1",
                            "allow.0.ports.0": "10256",
                            "allow.0.protocol": "tcp",
                            "creation_timestamp": "2022-11-06T10:38:02.176-08:00",
                            "deny.#": "0",
                            "description": "{\"kubernetes.io/cluster-id\":\"939c541cc59b92e6\"}",
                            "destination_ranges.#": "0",
                            "direction": "INGRESS",
                            "disabled": "false",
                            "id": "k8s-939c541cc59b92e6-node-http-hc",
                            "log_config.#": "0",
                            "name": "k8s-939c541cc59b92e6-node-http-hc",
                            "network": "https://www.googleapis.com/compute/v1/projects/poc-project-367814/global/networks/ng-network",
                            "priority": "1000",
                            "project": "poc-project-367814",
                            "self_link": "https://www.googleapis.com/compute/v1/projects/poc-project-367814/global/firewalls/k8s-939c541cc59b92e6-node-http-hc",
                            "source_ranges.#": "4",
                            "source_ranges.0": "130.211.0.0/22",
                            "source_ranges.1": "209.85.152.0/22",
                            "source_ranges.2": "209.85.204.0/22",
                            "source_ranges.3": "35.191.0.0/16",
                            "source_service_accounts.#": "0",
                            "source_tags.#": "0",
                            "target_service_accounts.#": "0",
                            "target_tags.#": "1",
                            "target_tags.0": "gke-nginx-cluster-a6ffdb25-node"
                        },
                        "meta": {
                            "schema_version": 1
                        },
                        "tainted": false
                    },
                    "deposed": [],
                    "provider": "provider.google"
                },
                "google_compute_firewall.k8s-fw-ac0e08bc95fc54028bbe5dbc0e58c7c5": {
                    "type": "google_compute_firewall",
                    "depends_on": [],
                    "primary": {
                        "id": "k8s-fw-ac0e08bc95fc54028bbe5dbc0e58c7c5",
                        "attributes": {
                            "allow.#": "1",
                            "allow.0.ports.#": "2",
                            "allow.0.ports.0": "80",
                            "allow.0.ports.1": "443",
                            "allow.0.protocol": "tcp",
                            "creation_timestamp": "2022-11-06T11:35:19.450-08:00",
                            "deny.#": "0",
                            "description": "{\"kubernetes.io/service-name\":\"nginx-ns/nginx-app-nginx-svc\", \"kubernetes.io/service-ip\":\"34.100.139.240\"}",
                            "destination_ranges.#": "0",
                            "direction": "INGRESS",
                            "disabled": "false",
                            "id": "k8s-fw-ac0e08bc95fc54028bbe5dbc0e58c7c5",
                            "log_config.#": "0",
                            "name": "k8s-fw-ac0e08bc95fc54028bbe5dbc0e58c7c5",
                            "network": "https://www.googleapis.com/compute/v1/projects/poc-project-367814/global/networks/ng-network",
                            "priority": "1000",
                            "project": "poc-project-367814",
                            "self_link": "https://www.googleapis.com/compute/v1/projects/poc-project-367814/global/firewalls/k8s-fw-ac0e08bc95fc54028bbe5dbc0e58c7c5",
                            "source_ranges.#": "1",
                            "source_ranges.0": "0.0.0.0/0",
                            "source_service_accounts.#": "0",
                            "source_tags.#": "0",
                            "target_service_accounts.#": "0",
                            "target_tags.#": "1",
                            "target_tags.0": "gke-nginx-cluster-a6ffdb25-node"
                        },
                        "meta": {
                            "schema_version": 1
                        },
                        "tainted": false
                    },
                    "deposed": [],
                    "provider": "provider.google"
                },
                "google_compute_firewall.raj-fw": {
                    "type": "google_compute_firewall",
                    "depends_on": [],
                    "primary": {
                        "id": "raj-fw",
                        "attributes": {
                            "allow.#": "1",
                            "allow.0.ports.#": "0",
                            "allow.0.protocol": "all",
                            "creation_timestamp": "2022-11-06T09:28:30.226-08:00",
                            "deny.#": "0",
                            "description": "raj-fw",
                            "destination_ranges.#": "0",
                            "direction": "INGRESS",
                            "disabled": "false",
                            "id": "raj-fw",
                            "log_config.#": "0",
                            "name": "raj-fw",
                            "network": "https://www.googleapis.com/compute/v1/projects/poc-project-367814/global/networks/raj-nw",
                            "priority": "1000",
                            "project": "poc-project-367814",
                            "self_link": "https://www.googleapis.com/compute/v1/projects/poc-project-367814/global/firewalls/raj-fw",
                            "source_ranges.#": "1",
                            "source_ranges.0": "192.170.2.0/24",
                            "source_service_accounts.#": "0",
                            "source_tags.#": "0",
                            "target_service_accounts.#": "0",
                            "target_tags.#": "1",
                            "target_tags.0": "fw-tags"
                        },
                        "meta": {
                            "schema_version": 1
                        },
                        "tainted": false
                    },
                    "deposed": [],
                    "provider": "provider.google"
                }
            },
            "depends_on": []
        }
    ]
}
