{
    "version": 3,
    "terraform_version": "0.12.31",
    "serial": 1,
    "lineage": "12734097-1258-ddd7-e34d-323f56eb2fee",
    "modules": [
        {
            "path": [
                "root"
            ],
            "outputs": {
                "google_compute_network_ng-network_self_link": {
                    "sensitive": false,
                    "type": "string",
                    "value": "https://www.googleapis.com/compute/v1/projects/poc-project-367814/global/networks/ng-network"
                },
                "google_compute_network_raj-nw_self_link": {
                    "sensitive": false,
                    "type": "string",
                    "value": "https://www.googleapis.com/compute/v1/projects/poc-project-367814/global/networks/raj-nw"
                }
            },
            "resources": {
                "google_compute_network.ng-network": {
                    "type": "google_compute_network",
                    "depends_on": [],
                    "primary": {
                        "id": "ng-network",
                        "attributes": {
                            "auto_create_subnetworks": "true",
                            "delete_default_routes_on_create": "false",
                            "description": "Network for the project",
                            "enable_ula_internal_ipv6": "false",
                            "gateway_ipv4": "",
                            "id": "ng-network",
                            "internal_ipv6_range": "",
                            "mtu": "1500",
                            "name": "default",
                            "project": "poc-project-367814",
                            "routing_mode": "REGIONAL",
                            "self_link": "https://www.googleapis.com/compute/v1/projects/poc-project-367814/global/networks/ng-network"
                        },
                        "meta": {
                            "schema_version": 0
                        },
                        "tainted": false
                    },
                    "deposed": [],
                    "provider": "provider.google"
                },
                "google_compute_network.raj-nw": {
                    "type": "google_compute_network",
                    "depends_on": [],
                    "primary": {
                        "id": "raj-nw",
                        "attributes": {
                            "auto_create_subnetworks": "false",
                            "delete_default_routes_on_create": "false",
                            "description": "raj-nw",
                            "enable_ula_internal_ipv6": "false",
                            "gateway_ipv4": "",
                            "id": "raj-nw",
                            "internal_ipv6_range": "",
                            "mtu": "1500",
                            "name": "raj-nw",
                            "project": "poc-project-367814",
                            "routing_mode": "REGIONAL",
                            "self_link": "https://www.googleapis.com/compute/v1/projects/poc-project-367814/global/networks/raj-nw"
                        },
                        "meta": {
                            "schema_version": 0
                        },
                        "tainted": false
                    },
                    "deposed": [],
                    "provider": "provider.google"
                }
            },
            "depends_on": []
        }
    ]
}
